PODS:
  - Closures (0.4)
  - R.swift (4.0.0):
    - R.swift.Library (~> 4.0.0)
  - R.swift.Library (4.0.0)
  - Tagged (0.2.0)
  - Then (2.3.0)
  - Unidirectional (0.1.0)

DEPENDENCIES:
  - Closures
  - R.swift
  - Tagged
  - Then
  - "Unidirectional (from `git@github.com:pteasima/Unidirectional.git`)"

SPEC REPOS:
  https://github.com/cocoapods/specs.git:
    - Closures
    - R.swift
    - R.swift.Library
    - Tagged
    - Then

EXTERNAL SOURCES:
  Unidirectional:
    :git: "git@github.com:pteasima/Unidirectional.git"

CHECKOUT OPTIONS:
  Unidirectional:
    :commit: d26b4b6ff8d269ff98718e24270bb284383d036a
    :git: "git@github.com:pteasima/Unidirectional.git"

SPEC CHECKSUMS:
  Closures: fe9ecbda045d8d42cc13520209b4ea5208e38248
  R.swift: d6a5ec2f55a8441dc0ed9f1f8b37d7d11ae85c66
  R.swift.Library: c3af34921024333546e23b70e70d0b4e0cffca75
  Tagged: 20ad99855b2d2bdfff0b9d6937ff4f2a123489fa
  Then: ee21c97b85ff6062b9b0080c9abb1eea46743345
  Unidirectional: 104648df9d0d3ac317c0679dd4ec97b4432366b7

PODFILE CHECKSUM: d3cda1f7baf498d5f4dda4a4ee9f00df17782eff

COCOAPODS: 1.5.3
